# This file is autogenerated, do not edit; changes may be undone by the next 'dep ensure'.


[[projects]]
  digest = "1:0ade334594e69404d80d9d323445d2297ff8161637f9b2d347cc6973d2d6f05b"
  name = "github.com/hashicorp/errwrap"
  packages = ["."]
  pruneopts = "UT"
  revision = "8a6fb523712970c966eefc6b39ed2c5e74880354"
  version = "v1.0.0"

[[projects]]
  digest = "1:f668349b83f7d779567c880550534addeca7ebadfdcf44b0b9c39be61864b4b7"
  name = "github.com/hashicorp/go-multierror"
  packages = ["."]
  pruneopts = "UT"
  revision = "886a7fbe3eb1c874d46f623bfa70af45f425b3d1"
  version = "v1.0.0"

[[projects]]
  digest = "1:31e761d97c76151dde79e9d28964a812c46efc5baee4085b86f68f0c654450de"
  name = "github.com/konsorten/go-windows-terminal-sequences"
  packages = ["."]
  pruneopts = "UT"
  revision = "f55edac94c9bbba5d6182a4be46d86a2c9b5b50e"
  version = "v1.0.2"

[[projects]]
  digest = "1:53bc4cd4914cd7cd52139990d5170d6dc99067ae31c56530621b18b35fc30318"
  name = "github.com/mitchellh/mapstructure"
  packages = ["."]
  pruneopts = "UT"
  revision = "3536a929edddb9a5b34bd6861dc4a9647cb459fe"
  version = "v1.1.2"

[[projects]]
  digest = "1:cf31692c14422fa27c83a05292eb5cbe0fb2775972e8f1f8446a71549bd8980b"
  name = "github.com/pkg/errors"
  packages = ["."]
  pruneopts = "UT"
  revision = "ba968bfe8b2f7e042a574c888954fccecfa385b4"
  version = "v0.8.1"

[[projects]]
  digest = "1:04457f9f6f3ffc5fea48e71d62f2ca256637dee0a04d710288e27e05c8b41976"
  name = "github.com/sirupsen/logrus"
  packages = ["."]
  pruneopts = "UT"
  revision = "839c75faf7f98a33d445d181f3018b5c3409a45e"
  version = "v1.4.2"

[[projects]]
  branch = "master"
  digest = "1:aa4d5ce1af8fd8ec58229475b4bf1cf836429e0ede24ff74c006bb7682c69b1c"
  name = "github.com/yutopp/go-amf0"
  packages = ["."]
  pruneopts = "UT"
  revision = "48851794bb1f6287d0fa9ffd1f34e40ec3cde17b"

[[projects]]
  digest = "1:e37384ebe6ec8ed9122ba11f0fc3bf6ec966c8eebc9c8d0da81845b99b9cd81c"
  name = "github.com/yutopp/go-flv"
  packages = [
    ".",
    "tag",
  ]
  pruneopts = "UT"
  revision = "975add0195aed19b0f072680a3a41f565780be3f"
  version = "v0.2.0"

[[projects]]
  branch = "master"
  digest = "1:04168b014d76bebeb010cf8aab1f1b3b101d7ba9fb70a2f6ca57f37f31dc12f3"
  name = "github.com/yutopp/go-rtmp"
  packages = [
    ".",
    "handshake",
    "internal",
    "message",
  ]
  pruneopts = "UT"
  revision = "c41e2e80b80e393737e0a910713213ee558775c7"

[[projects]]
  branch = "master"
  digest = "1:72f7bc975a18badcb4b05585929a12e042ab45cb0bee781aaab8044f39bd41f5"
  name = "golang.org/x/sys"
  packages = ["unix"]
  pruneopts = "UT"
  revision = "63cb32ae39b28d6bb8e7e215c1fc39dd80dcdb02"

[solve-meta]
  analyzer-name = "dep"
  analyzer-version = 1
  input-imports = [
    "github.com/pkg/errors",
    "github.com/sirupsen/logrus",
    "github.com/yutopp/go-flv",
    "github.com/yutopp/go-flv/tag",
    "github.com/yutopp/go-rtmp",
    "github.com/yutopp/go-rtmp/message",
  ]
  solver-name = "gps-cdcl"
  solver-version = 1
